github.com/DavidHuie/gomigrate v0.0.0-20160809001028-4004e6142040 h1:BaIvMMd6mG0r4WNpOzGFjqBYv8zz4Zoi5dzTcrAPGpY=
github.com/DavidHuie/gomigrate v0.0.0-20160809001028-4004e6142040/go.mod h1:F3GZLX+VN44AjFiyKD8++nq8sVE0Sw3bOhhQ3mUffnM=
github.com/carlogit/phash v0.0.0-20150602001824-c146ed9f2a27 h1:RPG5nj+GqMUgPM4K9J2zQAG9VT+oKzPwwKh2h2DEnks=
github.com/carlogit/phash v0.0.0-20150602001824-c146ed9f2a27/go.mod h1:xCFI2ljT+6HBbz0SUGapJTvkfWsyYBth61TYSjBIEjU=
github.com/discordapp/lilliput v0.0.0-20190227014901-bed442456bce h1:CY688PaLSRAjJC6kWpoC2w1xXizy4YrV3fKbLaGjL40=
github.com/discordapp/lilliput v0.0.0-20190227014901-bed442456bce/go.mod h1:Y/qDoFO8ipcjzUjR+FB3NrX2oJcp6EXQBLuW0nws2IY=
github.com/discordapp/lilliput v0.0.0-20190402233613-eaffdc08248b h1:FrJsV3nT3cYwZEc0gP9Ueli0c+ajYYO2ye2E2iqxdc8=
github.com/discordapp/lilliput v0.0.0-20190402233613-eaffdc08248b/go.mod h1:Y/qDoFO8ipcjzUjR+FB3NrX2oJcp6EXQBLuW0nws2IY=
github.com/disintegration/imaging v1.6.0 h1:nVPXRUUQ36Z7MNf0O77UzgnOb1mkMMor7lmJMJXc/mA=
github.com/disintegration/imaging v1.6.0/go.mod h1:xuIt+sRxDFrHS0drzXUlCJthkJ8k7lkkUojDSR247MQ=
github.com/mattn/go-sqlite3 v1.10.0 h1:jbhqpg7tQe4SupckyijYiy0mJJ/pRyHvXf7JdWK860o=
github.com/mattn/go-sqlite3 v1.10.0/go.mod h1:FPy6KqzDD04eiIsT53CuJW3U88zkxoIYsOqkbpncsNc=
github.com/nfnt/resize v0.0.0-20180221191011-83c6a9932646 h1:zYyBkD/k9seD2A7fsi6Oo2LfFZAehjjQMERAvZLEDnQ=
github.com/nfnt/resize v0.0.0-20180221191011-83c6a9932646/go.mod h1:jpp1/29i3P1S/RLdc7JQKbRpFeM1dOBd8T9ki5s+AY8=
github.com/pilu/config v0.0.0-20131214182432-3eb99e6c0b9a h1:Tg4E4cXPZSZyd3H1tJlYo6ZreXV0ZJvE/lorNqyw1AU=
github.com/pilu/config v0.0.0-20131214182432-3eb99e6c0b9a/go.mod h1:9Or9aIl95Kp43zONcHd5tLZGKXb9iLx0pZjau0uJ5zg=
github.com/pilu/traffic v0.5.3 h1:gzDC+/uF1JQNnpcjUhVnw3z9xTBKx9y9FLtdLkHrIbQ=
github.com/pilu/traffic v0.5.3/go.mod h1:pPbakW2fofyQaXrh319Xb9TJpM8gjs/vp+71CztjeK0=
github.com/unrolled/render v1.0.0 h1:XYtvhA3UkpB7PqkvhUFYmpKD55OudoIeygcfus4vcd4=
github.com/unrolled/render v1.0.0/go.mod h1:tu82oB5W2ykJRVioYsB+IQKcft7ryBr7w12qMBUPyXg=
golang.org/x/image v0.0.0-20180708004352-c73c2afc3b81 h1:00VmoueYNlNz/aHIilyyQz/MHSqGoWJzpFv/HW8xpzI=
golang.org/x/image v0.0.0-20180708004352-c73c2afc3b81/go.mod h1:ux5Hcp/YLpHSI86hEcLt0YII63i6oz57MZXIpbrjZUs=
